PATH
  remote: .
  specs:
    prism-core (0.1.0)
      concurrent-ruby (~> 1.3)
      pg (~> 1.5)
      pg_query (~> 6.0)

GEM
  remote: https://rubygems.org/
  specs:
    bigdecimal (4.1.2)
    bundler-audit (0.9.3)
      bundler (>= 1.2.0)
      thor (~> 1.0)
    concurrent-ruby (1.3.8)
    google-protobuf (4.35.1-x64-mingw-ucrt)
      bigdecimal
      rake (~> 13.3)
    minitest (5.27.0)
    pg (1.6.3-x64-mingw-ucrt)
    pg_query (6.2.2)
      google-protobuf (>= 3.25.3)
    rake (13.4.2)
    thor (1.5.0)

PLATFORMS
  x64-mingw-ucrt

DEPENDENCIES
  bundler-audit (~> 0.9)
  minitest (~> 5.0)
  prism-core!
  rake (~> 13.0)

CHECKSUMS
  bigdecimal (4.1.2) sha256=53d217666027eab4280346fba98e7d5b66baaae1b9c3c1c0ffe89d48188a3fbd
  bundler-audit (0.9.3) sha256=81c8766c71e47d0d28a0f98c7eed028539f21a6ea3cd8f685eb6f42333c9b4e9
  concurrent-ruby (1.3.8) sha256=b2f1be836e968ccc78ccfce277ea79c72a88633f22306782c16ff23fb415d1e1
  google-protobuf (4.35.1-x64-mingw-ucrt) sha256=0660b716c44a4d3baa5cb648cd95dc7faed87ea92cd08fe92cf9156415b35033
  minitest (5.27.0) sha256=2d3b17f8a36fe7801c1adcffdbc38233b938eb0b4966e97a6739055a45fa77d5
  pg (1.6.3-x64-mingw-ucrt) sha256=cdff974cbde6935e07b8f5cc3c2af7d320bc5263bde06acaae08302194ebf5e1
  pg_query (6.2.2) sha256=316c194160ccfac8af9a7aff55cdc5b2d13bdd8bd8734976c6bddc477e779b6f
  prism-core (0.1.0)
  rake (13.4.2) sha256=cb825b2bd5f1f8e91ca37bddb4b9aaf345551b4731da62949be002fa89283701
  thor (1.5.0) sha256=e3a9e55fe857e44859ce104a84675ab6e8cd59c650a49106a05f55f136425e73

BUNDLED WITH
  4.0.11
